
Microsoft Visual Studio Solution File, Format Version 12.00
# Visual Studio Version 16
VisualStudioVersion = 16.0.33328.57
MinimumVisualStudioVersion = 10.0.40219.1
Project("{FAE04EC0-301F-11D3-BF4B-00C04F79EFBC}") = "PriorityQueue_Implementation_Second", "PriorityQueue_Implementation_Second\PriorityQueue_Implementation_Second.csproj", "{DAD61266-346E-4597-AE3E-116E11705B4C}"
EndProject
Global
	GlobalSection(SolutionConfigurationPlatforms) = preSolution
		Debug|Any CPU = Debug|Any CPU
		Release|Any CPU = Release|Any CPU
	EndGlobalSection
	GlobalSection(ProjectConfigurationPlatforms) = postSolution
		{DAD61266-346E-4597-AE3E-116E11705B4C}.Debug|Any CPU.ActiveCfg = Debug|Any CPU
		{DAD61266-346E-4597-AE3E-116E11705B4C}.Debug|Any CPU.Build.0 = Debug|Any CPU
		{DAD61266-346E-4597-AE3E-116E11705B4C}.Release|Any CPU.ActiveCfg = Release|Any CPU
		{DAD61266-346E-4597-AE3E-116E11705B4C}.Release|Any CPU.Build.0 = Release|Any CPU
	EndGlobalSection
	GlobalSection(SolutionProperties) = preSolution
		HideSolutionNode = FALSE
	EndGlobalSection
	GlobalSection(ExtensibilityGlobals) = postSolution
		SolutionGuid = {51075098-2280-4BBE-ACB1-2E0B8AF62EAB}
	EndGlobalSection
EndGlobal
