
Microsoft Visual Studio Solution File, Format Version 12.00
# Visual Studio Version 16
VisualStudioVersion = 16.0.33328.57
MinimumVisualStudioVersion = 10.0.40219.1
Project("{FAE04EC0-301F-11D3-BF4B-00C04F79EFBC}") = "Queue", "Queue\Queue.csproj", "{C5C11D6D-E55B-45C2-B8AC-93D36E18080F}"
EndProject
Global
	GlobalSection(SolutionConfigurationPlatforms) = preSolution
		Debug|Any CPU = Debug|Any CPU
		Release|Any CPU = Release|Any CPU
	EndGlobalSection
	GlobalSection(ProjectConfigurationPlatforms) = postSolution
		{C5C11D6D-E55B-45C2-B8AC-93D36E18080F}.Debug|Any CPU.ActiveCfg = Debug|Any CPU
		{C5C11D6D-E55B-45C2-B8AC-93D36E18080F}.Debug|Any CPU.Build.0 = Debug|Any CPU
		{C5C11D6D-E55B-45C2-B8AC-93D36E18080F}.Release|Any CPU.ActiveCfg = Release|Any CPU
		{C5C11D6D-E55B-45C2-B8AC-93D36E18080F}.Release|Any CPU.Build.0 = Release|Any CPU
	EndGlobalSection
	GlobalSection(SolutionProperties) = preSolution
		HideSolutionNode = FALSE
	EndGlobalSection
	GlobalSection(ExtensibilityGlobals) = postSolution
		SolutionGuid = {E9ECF93E-5C15-486A-85E1-863ED3F7031B}
	EndGlobalSection
EndGlobal
